
Microsoft Visual Studio Solution File, Format Version 12.00
# Visual Studio Version 16
VisualStudioVersion = 16.0.30413.136
MinimumVisualStudioVersion = 10.0.40219.1
Project("{FAE04EC0-301F-11D3-BF4B-00C04F79EFBC}") = "Graphql.Reflection.NetCore", "Graphql.Reflection.NetCore.csproj", "{85172DE4-5667-4741-826F-88A3E1D0E81E}"
EndProject
Global
	GlobalSection(SolutionConfigurationPlatforms) = preSolution
		Debug|Any CPU = Debug|Any CPU
		Release|Any CPU = Release|Any CPU
	EndGlobalSection
	GlobalSection(ProjectConfigurationPlatforms) = postSolution
		{85172DE4-5667-4741-826F-88A3E1D0E81E}.Debug|Any CPU.ActiveCfg = Debug|Any CPU
		{85172DE4-5667-4741-826F-88A3E1D0E81E}.Debug|Any CPU.Build.0 = Debug|Any CPU
		{85172DE4-5667-4741-826F-88A3E1D0E81E}.Release|Any CPU.ActiveCfg = Release|Any CPU
		{85172DE4-5667-4741-826F-88A3E1D0E81E}.Release|Any CPU.Build.0 = Release|Any CPU
	EndGlobalSection
	GlobalSection(SolutionProperties) = preSolution
		HideSolutionNode = FALSE
	EndGlobalSection
	GlobalSection(ExtensibilityGlobals) = postSolution
		SolutionGuid = {092E88A7-A523-4FEC-8FCD-86121CD089BE}
	EndGlobalSection
EndGlobal
